
Microsoft Visual Studio Solution File, Format Version 12.00
# Visual Studio Version 17
VisualStudioVersion = 17.13.35806.99 d17.13
MinimumVisualStudioVersion = 10.0.40219.1
Project("{FAE04EC0-301F-11D3-BF4B-00C04F79EFBC}") = "PromptNormalizerApp", "PromptNormalizerApp\PromptNormalizerApp.csproj", "{221669CA-67FF-477E-B208-0BD3AF8CA0C7}"
EndProject
Global
	GlobalSection(SolutionConfigurationPlatforms) = preSolution
		Debug|Any CPU = Debug|Any CPU
		Release|Any CPU = Release|Any CPU
	EndGlobalSection
	GlobalSection(ProjectConfigurationPlatforms) = postSolution
		{221669CA-67FF-477E-B208-0BD3AF8CA0C7}.Debug|Any CPU.ActiveCfg = Debug|Any CPU
		{221669CA-67FF-477E-B208-0BD3AF8CA0C7}.Debug|Any CPU.Build.0 = Debug|Any CPU
		{221669CA-67FF-477E-B208-0BD3AF8CA0C7}.Release|Any CPU.ActiveCfg = Release|Any CPU
		{221669CA-67FF-477E-B208-0BD3AF8CA0C7}.Release|Any CPU.Build.0 = Release|Any CPU
	EndGlobalSection
	GlobalSection(SolutionProperties) = preSolution
		HideSolutionNode = FALSE
	EndGlobalSection
	GlobalSection(ExtensibilityGlobals) = postSolution
		SolutionGuid = {2B753D49-119F-4C2C-90F0-D15821AC5F04}
	EndGlobalSection
EndGlobal
